{
  "name": "mega-menu-rtl",
  "version": "1.0.0",
  "lockfileVersion": 3,
  "requires": true,
  "packages": {
    "": {
      "name": "mega-menu-rtl",
      "version": "1.0.0",
      "license": "GPL-3.0-or-later",
      "dependencies": {
        "@fortawesome/fontawesome-free": "^6.3.0",
        "jquery": "^2.1.3",
        "vazirmatn": "^33.0.3"
      }
    },
    "node_modules/@fortawesome/fontawesome-free": {
      "version": "6.3.0",
      "resolved": "https://registry.npmjs.org/@fortawesome/fontawesome-free/-/fontawesome-free-6.3.0.tgz",
      "integrity": "sha512-qVtd5i1Cc7cdrqnTWqTObKQHjPWAiRwjUPaXObaeNPcy7+WKxJumGBx66rfSFgK6LNpIasVKkEgW8oyf0tmPLA==",
      "hasInstallScript": true,
      "engines": {
        "node": ">=6"
      }
    },
    "node_modules/jquery": {
      "version": "2.1.3",
      "resolved": "https://registry.npmjs.org/jquery/-/jquery-2.1.3.tgz",
      "integrity": "sha512-1thSX0P6ZEPXU9fYrJD+lHbG4K3dYj8cNG+vZA/sFvSOgvkd55MOj5c79slivyLwPCeTYoHlRP4uMzPgUgpITQ=="
    },
    "node_modules/vazirmatn": {
      "version": "33.0.3",
      "resolved": "https://registry.npmjs.org/vazirmatn/-/vazirmatn-33.0.3.tgz",
      "integrity": "sha512-fbjNc0CMjazZpIegWzz9OHGzI1APFboT+x7ZecXlUCtDe/nkyx7gtCTZnWS/+eeXG7fbfXymCPKJI8EsnM3iqw=="
    }
  }
}
